
Microsoft Visual Studio Solution File, Format Version 12.00
# Visual Studio Version 17
VisualStudioVersion = 17.5.33424.131
MinimumVisualStudioVersion = 10.0.40219.1
Project("{FAE04EC0-301F-11D3-BF4B-00C04F79EFBC}") = "VacationImageSorter", "VacationImageSorter\VacationImageSorter.csproj", "{49292E12-5A47-4267-841F-D43CB9F14746}"
EndProject
Global
	GlobalSection(SolutionConfigurationPlatforms) = preSolution
		Debug|Any CPU = Debug|Any CPU
		Release|Any CPU = Release|Any CPU
	EndGlobalSection
	GlobalSection(ProjectConfigurationPlatforms) = postSolution
		{49292E12-5A47-4267-841F-D43CB9F14746}.Debug|Any CPU.ActiveCfg = Debug|Any CPU
		{49292E12-5A47-4267-841F-D43CB9F14746}.Debug|Any CPU.Build.0 = Debug|Any CPU
		{49292E12-5A47-4267-841F-D43CB9F14746}.Release|Any CPU.ActiveCfg = Release|Any CPU
		{49292E12-5A47-4267-841F-D43CB9F14746}.Release|Any CPU.Build.0 = Release|Any CPU
	EndGlobalSection
	GlobalSection(SolutionProperties) = preSolution
		HideSolutionNode = FALSE
	EndGlobalSection
	GlobalSection(ExtensibilityGlobals) = postSolution
		SolutionGuid = {6253D9EC-C5BD-4DD1-8144-98947DA5B713}
	EndGlobalSection
EndGlobal
